
Microsoft Visual Studio Solution File, Format Version 12.00
# Visual Studio Version 16
VisualStudioVersion = 16.0.29709.97
MinimumVisualStudioVersion = 10.0.40219.1
Project("{2150E333-8FDC-42A3-9474-1A3956D46DE8}") = "Ch01", "Ch01", "{0FE752EF-9E5F-4C4D-97F1-B8A19342FE6E}"
EndProject
Project("{8BC9CEB8-8B4A-11D0-8D11-00A0C91BC942}") = "FirstApp", "FirstApp\FirstApp.vcxproj", "{574C6E8B-0F87-4C76-BC1D-48F89B8ADA7B}"
EndProject
Project("{8BC9CEB8-8B4A-11D0-8D11-00A0C91BC942}") = "TemplateTest", "TemplateTest\TemplateTest.vcxproj", "{126AAFFA-BC50-4F71-BFFE-23E78F56064C}"
EndProject
Project("{2150E333-8FDC-42A3-9474-1A3956D46DE8}") = "ch03", "ch03", "{6B7D86B6-5B83-428F-B315-0DA8203F75AE}"
EndProject
Project("{8BC9CEB8-8B4A-11D0-8D11-00A0C91BC942}") = "VarTest", "VarTest\VarTest.vcxproj", "{DDCD2C17-DB20-4FB9-9DB7-EA70916071F5}"
EndProject
Project("{8BC9CEB8-8B4A-11D0-8D11-00A0C91BC942}") = "StringTest", "StringTest\StringTest.vcxproj", "{E4E69758-B009-4978-A0C3-1C3D3D1DF8E6}"
EndProject
Project("{2150E333-8FDC-42A3-9474-1A3956D46DE8}") = "ch04", "ch04", "{A60DB2DD-304F-4469-9FA7-CF8C30C49856}"
EndProject
Project("{8BC9CEB8-8B4A-11D0-8D11-00A0C91BC942}") = "Dived", "Dived\Dived.vcxproj", "{5E699F10-DC1B-4CFC-8D28-1180526ABA24}"
EndProject
Project("{8BC9CEB8-8B4A-11D0-8D11-00A0C91BC942}") = "CastTest", "CastTest\CastTest.vcxproj", "{D74BA73C-4CAC-4C09-A4C6-842B73FED259}"
EndProject
Project("{8BC9CEB8-8B4A-11D0-8D11-00A0C91BC942}") = "Operation", "Operation\Operation.vcxproj", "{1CD06ACA-DD97-4FC6-80FE-F89C1981C573}"
EndProject
Global
	GlobalSection(SolutionConfigurationPlatforms) = preSolution
		Debug|x64 = Debug|x64
		Debug|x86 = Debug|x86
		Release|x64 = Release|x64
		Release|x86 = Release|x86
	EndGlobalSection
	GlobalSection(ProjectConfigurationPlatforms) = postSolution
		{574C6E8B-0F87-4C76-BC1D-48F89B8ADA7B}.Debug|x64.ActiveCfg = Debug|x64
		{574C6E8B-0F87-4C76-BC1D-48F89B8ADA7B}.Debug|x64.Build.0 = Debug|x64
		{574C6E8B-0F87-4C76-BC1D-48F89B8ADA7B}.Debug|x86.ActiveCfg = Debug|Win32
		{574C6E8B-0F87-4C76-BC1D-48F89B8ADA7B}.Debug|x86.Build.0 = Debug|Win32
		{574C6E8B-0F87-4C76-BC1D-48F89B8ADA7B}.Release|x64.ActiveCfg = Release|x64
		{574C6E8B-0F87-4C76-BC1D-48F89B8ADA7B}.Release|x64.Build.0 = Release|x64
		{574C6E8B-0F87-4C76-BC1D-48F89B8ADA7B}.Release|x86.ActiveCfg = Release|Win32
		{574C6E8B-0F87-4C76-BC1D-48F89B8ADA7B}.Release|x86.Build.0 = Release|Win32
		{126AAFFA-BC50-4F71-BFFE-23E78F56064C}.Debug|x64.ActiveCfg = Debug|x64
		{126AAFFA-BC50-4F71-BFFE-23E78F56064C}.Debug|x64.Build.0 = Debug|x64
		{126AAFFA-BC50-4F71-BFFE-23E78F56064C}.Debug|x86.ActiveCfg = Debug|Win32
		{126AAFFA-BC50-4F71-BFFE-23E78F56064C}.Debug|x86.Build.0 = Debug|Win32
		{126AAFFA-BC50-4F71-BFFE-23E78F56064C}.Release|x64.ActiveCfg = Release|x64
		{126AAFFA-BC50-4F71-BFFE-23E78F56064C}.Release|x64.Build.0 = Release|x64
		{126AAFFA-BC50-4F71-BFFE-23E78F56064C}.Release|x86.ActiveCfg = Release|Win32
		{126AAFFA-BC50-4F71-BFFE-23E78F56064C}.Release|x86.Build.0 = Release|Win32
		{DDCD2C17-DB20-4FB9-9DB7-EA70916071F5}.Debug|x64.ActiveCfg = Debug|x64
		{DDCD2C17-DB20-4FB9-9DB7-EA70916071F5}.Debug|x64.Build.0 = Debug|x64
		{DDCD2C17-DB20-4FB9-9DB7-EA70916071F5}.Debug|x86.ActiveCfg = Debug|Win32
		{DDCD2C17-DB20-4FB9-9DB7-EA70916071F5}.Debug|x86.Build.0 = Debug|Win32
		{DDCD2C17-DB20-4FB9-9DB7-EA70916071F5}.Release|x64.ActiveCfg = Release|x64
		{DDCD2C17-DB20-4FB9-9DB7-EA70916071F5}.Release|x64.Build.0 = Release|x64
		{DDCD2C17-DB20-4FB9-9DB7-EA70916071F5}.Release|x86.ActiveCfg = Release|Win32
		{DDCD2C17-DB20-4FB9-9DB7-EA70916071F5}.Release|x86.Build.0 = Release|Win32
		{E4E69758-B009-4978-A0C3-1C3D3D1DF8E6}.Debug|x64.ActiveCfg = Debug|x64
		{E4E69758-B009-4978-A0C3-1C3D3D1DF8E6}.Debug|x64.Build.0 = Debug|x64
		{E4E69758-B009-4978-A0C3-1C3D3D1DF8E6}.Debug|x86.ActiveCfg = Debug|Win32
		{E4E69758-B009-4978-A0C3-1C3D3D1DF8E6}.Debug|x86.Build.0 = Debug|Win32
		{E4E69758-B009-4978-A0C3-1C3D3D1DF8E6}.Release|x64.ActiveCfg = Release|x64
		{E4E69758-B009-4978-A0C3-1C3D3D1DF8E6}.Release|x64.Build.0 = Release|x64
		{E4E69758-B009-4978-A0C3-1C3D3D1DF8E6}.Release|x86.ActiveCfg = Release|Win32
		{E4E69758-B009-4978-A0C3-1C3D3D1DF8E6}.Release|x86.Build.0 = Release|Win32
		{5E699F10-DC1B-4CFC-8D28-1180526ABA24}.Debug|x64.ActiveCfg = Debug|x64
		{5E699F10-DC1B-4CFC-8D28-1180526ABA24}.Debug|x64.Build.0 = Debug|x64
		{5E699F10-DC1B-4CFC-8D28-1180526ABA24}.Debug|x86.ActiveCfg = Debug|Win32
		{5E699F10-DC1B-4CFC-8D28-1180526ABA24}.Debug|x86.Build.0 = Debug|Win32
		{5E699F10-DC1B-4CFC-8D28-1180526ABA24}.Release|x64.ActiveCfg = Release|x64
		{5E699F10-DC1B-4CFC-8D28-1180526ABA24}.Release|x64.Build.0 = Release|x64
		{5E699F10-DC1B-4CFC-8D28-1180526ABA24}.Release|x86.ActiveCfg = Release|Win32
		{5E699F10-DC1B-4CFC-8D28-1180526ABA24}.Release|x86.Build.0 = Release|Win32
		{D74BA73C-4CAC-4C09-A4C6-842B73FED259}.Debug|x64.ActiveCfg = Debug|x64
		{D74BA73C-4CAC-4C09-A4C6-842B73FED259}.Debug|x64.Build.0 = Debug|x64
		{D74BA73C-4CAC-4C09-A4C6-842B73FED259}.Debug|x86.ActiveCfg = Debug|Win32
		{D74BA73C-4CAC-4C09-A4C6-842B73FED259}.Debug|x86.Build.0 = Debug|Win32
		{D74BA73C-4CAC-4C09-A4C6-842B73FED259}.Release|x64.ActiveCfg = Release|x64
		{D74BA73C-4CAC-4C09-A4C6-842B73FED259}.Release|x64.Build.0 = Release|x64
		{D74BA73C-4CAC-4C09-A4C6-842B73FED259}.Release|x86.ActiveCfg = Release|Win32
		{D74BA73C-4CAC-4C09-A4C6-842B73FED259}.Release|x86.Build.0 = Release|Win32
		{1CD06ACA-DD97-4FC6-80FE-F89C1981C573}.Debug|x64.ActiveCfg = Debug|x64
		{1CD06ACA-DD97-4FC6-80FE-F89C1981C573}.Debug|x64.Build.0 = Debug|x64
		{1CD06ACA-DD97-4FC6-80FE-F89C1981C573}.Debug|x86.ActiveCfg = Debug|Win32
		{1CD06ACA-DD97-4FC6-80FE-F89C1981C573}.Debug|x86.Build.0 = Debug|Win32
		{1CD06ACA-DD97-4FC6-80FE-F89C1981C573}.Release|x64.ActiveCfg = Release|x64
		{1CD06ACA-DD97-4FC6-80FE-F89C1981C573}.Release|x64.Build.0 = Release|x64
		{1CD06ACA-DD97-4FC6-80FE-F89C1981C573}.Release|x86.ActiveCfg = Release|Win32
		{1CD06ACA-DD97-4FC6-80FE-F89C1981C573}.Release|x86.Build.0 = Release|Win32
	EndGlobalSection
	GlobalSection(SolutionProperties) = preSolution
		HideSolutionNode = FALSE
	EndGlobalSection
	GlobalSection(NestedProjects) = preSolution
		{574C6E8B-0F87-4C76-BC1D-48F89B8ADA7B} = {0FE752EF-9E5F-4C4D-97F1-B8A19342FE6E}
		{126AAFFA-BC50-4F71-BFFE-23E78F56064C} = {0FE752EF-9E5F-4C4D-97F1-B8A19342FE6E}
		{DDCD2C17-DB20-4FB9-9DB7-EA70916071F5} = {6B7D86B6-5B83-428F-B315-0DA8203F75AE}
		{E4E69758-B009-4978-A0C3-1C3D3D1DF8E6} = {6B7D86B6-5B83-428F-B315-0DA8203F75AE}
		{5E699F10-DC1B-4CFC-8D28-1180526ABA24} = {A60DB2DD-304F-4469-9FA7-CF8C30C49856}
		{D74BA73C-4CAC-4C09-A4C6-842B73FED259} = {A60DB2DD-304F-4469-9FA7-CF8C30C49856}
		{1CD06ACA-DD97-4FC6-80FE-F89C1981C573} = {A60DB2DD-304F-4469-9FA7-CF8C30C49856}
	EndGlobalSection
	GlobalSection(ExtensibilityGlobals) = postSolution
		SolutionGuid = {D3532217-715F-4386-A987-6D35E9DBC987}
	EndGlobalSection
EndGlobal
