
Microsoft Visual Studio Solution File, Format Version 12.00
# Visual Studio Version 16
VisualStudioVersion = 16.0.29709.97
MinimumVisualStudioVersion = 10.0.40219.1
Project("{2150E333-8FDC-42A3-9474-1A3956D46DE8}") = "Ch01", "Ch01", "{0FE752EF-9E5F-4C4D-97F1-B8A19342FE6E}"
EndProject
Project("{8BC9CEB8-8B4A-11D0-8D11-00A0C91BC942}") = "FirstApp", "FirstApp\FirstApp.vcxproj", "{574C6E8B-0F87-4C76-BC1D-48F89B8ADA7B}"
EndProject
Project("{8BC9CEB8-8B4A-11D0-8D11-00A0C91BC942}") = "TemplateTest", "TemplateTest\TemplateTest.vcxproj", "{126AAFFA-BC50-4F71-BFFE-23E78F56064C}"
EndProject
Project("{2150E333-8FDC-42A3-9474-1A3956D46DE8}") = "ch03", "ch03", "{6B7D86B6-5B83-428F-B315-0DA8203F75AE}"
EndProject
Project("{8BC9CEB8-8B4A-11D0-8D11-00A0C91BC942}") = "VarTest", "VarTest\VarTest.vcxproj", "{DDCD2C17-DB20-4FB9-9DB7-EA70916071F5}"
EndProject
Project("{8BC9CEB8-8B4A-11D0-8D11-00A0C91BC942}") = "StringTest", "StringTest\StringTest.vcxproj", "{E4E69758-B009-4978-A0C3-1C3D3D1DF8E6}"
EndProject
Project("{2150E333-8FDC-42A3-9474-1A3956D46DE8}") = "ch04", "ch04", "{A60DB2DD-304F-4469-9FA7-CF8C30C49856}"
EndProject
Project("{8BC9CEB8-8B4A-11D0-8D11-00A0C91BC942}") = "Dived", "Dived\Dived.vcxproj", "{5E699F10-DC1B-4CFC-8D28-1180526ABA24}"
EndProject
Project("{8BC9CEB8-8B4A-11D0-8D11-00A0C91BC942}") = "CastTest", "CastTest\CastTest.vcxproj", "{D74BA73C-4CAC-4C09-A4C6-842B73FED259}"
EndProject
Project("{8BC9CEB8-8B4A-11D0-8D11-00A0C91BC942}") = "Operation", "Operation\Operation.vcxproj", "{1CD06ACA-DD97-4FC6-80FE-F89C1981C573}"
EndProject
Project("{2150E333-8FDC-42A3-9474-1A3956D46DE8}") = "ch05", "ch05", "{FB49A2FC-57AD-423C-97B1-530CE6209944}"
EndProject
Project("{8BC9CEB8-8B4A-11D0-8D11-00A0C91BC942}") = "IfTestApp", "IfTestApp\IfTestApp.vcxproj", "{2C7F04B4-D05E-4B18-A631-975A2533173C}"
EndProject
Project("{8BC9CEB8-8B4A-11D0-8D11-00A0C91BC942}") = "SwitchTestApp", "SwitchTestApp\SwitchTestApp.vcxproj", "{0505AC75-F5F5-46A4-91B7-BFFAAC73EBEE}"
EndProject
Project("{8BC9CEB8-8B4A-11D0-8D11-00A0C91BC942}") = "WhileTestApp", "WhileTestApp\WhileTestApp.vcxproj", "{F0964E59-225A-4670-ACF0-00D4DBDBF69E}"
EndProject
Project("{8BC9CEB8-8B4A-11D0-8D11-00A0C91BC942}") = "ForTestAPp", "ForTestAPp\ForTestAPp.vcxproj", "{2290266C-7A41-4567-AFA7-DFA07BAB0656}"
EndProject
Project("{8BC9CEB8-8B4A-11D0-8D11-00A0C91BC942}") = "MultiTableApp", "MultiTableApp\MultiTableApp.vcxproj", "{13C024DF-11CD-4FBB-8C76-1AD40FC90914}"
EndProject
Project("{2150E333-8FDC-42A3-9474-1A3956D46DE8}") = "ch07", "ch07", "{680EB0B5-BACF-4540-AC8F-40E5730EB00A}"
EndProject
Project("{8BC9CEB8-8B4A-11D0-8D11-00A0C91BC942}") = "FuncTestApp", "FuncTestApp\FuncTestApp.vcxproj", "{ABF20D31-0573-4D46-A907-077F4707B117}"
EndProject
Project("{2150E333-8FDC-42A3-9474-1A3956D46DE8}") = "ch08", "ch08", "{5E389525-06F1-424E-A2CC-237439539B0A}"
EndProject
Project("{8BC9CEB8-8B4A-11D0-8D11-00A0C91BC942}") = "ArrayTestApp", "ArrayTestApp\ArrayTestApp.vcxproj", "{521384EB-D8D0-4B4C-A42C-D31C90D0989E}"
EndProject
Project("{2150E333-8FDC-42A3-9474-1A3956D46DE8}") = "ch09", "ch09", "{29AEFDB7-9F52-4C49-A5C0-BAEBFC282C1D}"
EndProject
Project("{8BC9CEB8-8B4A-11D0-8D11-00A0C91BC942}") = "StringTestApp", "StringTestApp\StringTestApp.vcxproj", "{63695CF4-94B2-4CBA-A685-C492066D3B07}"
EndProject
Project("{8BC9CEB8-8B4A-11D0-8D11-00A0C91BC942}") = "Test", "Test\Test.vcxproj", "{7639C720-864B-4D27-8BB6-E010E00A2AB8}"
EndProject
Project("{8BC9CEB8-8B4A-11D0-8D11-00A0C91BC942}") = "PointerTestApp", "PointerTestApp\PointerTestApp.vcxproj", "{DA8F6387-769D-4F3F-ACA6-6462A935550E}"
EndProject
Project("{8BC9CEB8-8B4A-11D0-8D11-00A0C91BC942}") = "SwapTestApp", "SwapTestApp\SwapTestApp.vcxproj", "{3A1E10C6-0590-46D5-96B0-DD6E4D589F70}"
EndProject
Project("{2150E333-8FDC-42A3-9474-1A3956D46DE8}") = "ch10", "ch10", "{5DCCF083-B8AB-4F41-BC36-F18DEB1C9E27}"
EndProject
Project("{8BC9CEB8-8B4A-11D0-8D11-00A0C91BC942}") = "ArrayPointer", "ArrayPointer\ArrayPointer.vcxproj", "{4302C59E-5571-4AAB-A91D-C51F63F9148C}"
EndProject
Project("{8BC9CEB8-8B4A-11D0-8D11-00A0C91BC942}") = "FindmaxApp", "FindmaxApp\FindmaxApp.vcxproj", "{529DA59F-F72C-4C27-AC8B-CA68EC705EA1}"
EndProject
Project("{2150E333-8FDC-42A3-9474-1A3956D46DE8}") = "ch11", "ch11", "{B74EC732-503F-42E9-A96C-FECC713A1B92}"
EndProject
Global
	GlobalSection(SolutionConfigurationPlatforms) = preSolution
		Debug|x64 = Debug|x64
		Debug|x86 = Debug|x86
		Release|x64 = Release|x64
		Release|x86 = Release|x86
	EndGlobalSection
	GlobalSection(ProjectConfigurationPlatforms) = postSolution
		{574C6E8B-0F87-4C76-BC1D-48F89B8ADA7B}.Debug|x64.ActiveCfg = Debug|x64
		{574C6E8B-0F87-4C76-BC1D-48F89B8ADA7B}.Debug|x64.Build.0 = Debug|x64
		{574C6E8B-0F87-4C76-BC1D-48F89B8ADA7B}.Debug|x86.ActiveCfg = Debug|Win32
		{574C6E8B-0F87-4C76-BC1D-48F89B8ADA7B}.Debug|x86.Build.0 = Debug|Win32
		{574C6E8B-0F87-4C76-BC1D-48F89B8ADA7B}.Release|x64.ActiveCfg = Release|x64
		{574C6E8B-0F87-4C76-BC1D-48F89B8ADA7B}.Release|x64.Build.0 = Release|x64
		{574C6E8B-0F87-4C76-BC1D-48F89B8ADA7B}.Release|x86.ActiveCfg = Release|Win32
		{574C6E8B-0F87-4C76-BC1D-48F89B8ADA7B}.Release|x86.Build.0 = Release|Win32
		{126AAFFA-BC50-4F71-BFFE-23E78F56064C}.Debug|x64.ActiveCfg = Debug|x64
		{126AAFFA-BC50-4F71-BFFE-23E78F56064C}.Debug|x64.Build.0 = Debug|x64
		{126AAFFA-BC50-4F71-BFFE-23E78F56064C}.Debug|x86.ActiveCfg = Debug|Win32
		{126AAFFA-BC50-4F71-BFFE-23E78F56064C}.Debug|x86.Build.0 = Debug|Win32
		{126AAFFA-BC50-4F71-BFFE-23E78F56064C}.Release|x64.ActiveCfg = Release|x64
		{126AAFFA-BC50-4F71-BFFE-23E78F56064C}.Release|x64.Build.0 = Release|x64
		{126AAFFA-BC50-4F71-BFFE-23E78F56064C}.Release|x86.ActiveCfg = Release|Win32
		{126AAFFA-BC50-4F71-BFFE-23E78F56064C}.Release|x86.Build.0 = Release|Win32
		{DDCD2C17-DB20-4FB9-9DB7-EA70916071F5}.Debug|x64.ActiveCfg = Debug|x64
		{DDCD2C17-DB20-4FB9-9DB7-EA70916071F5}.Debug|x64.Build.0 = Debug|x64
		{DDCD2C17-DB20-4FB9-9DB7-EA70916071F5}.Debug|x86.ActiveCfg = Debug|Win32
		{DDCD2C17-DB20-4FB9-9DB7-EA70916071F5}.Debug|x86.Build.0 = Debug|Win32
		{DDCD2C17-DB20-4FB9-9DB7-EA70916071F5}.Release|x64.ActiveCfg = Release|x64
		{DDCD2C17-DB20-4FB9-9DB7-EA70916071F5}.Release|x64.Build.0 = Release|x64
		{DDCD2C17-DB20-4FB9-9DB7-EA70916071F5}.Release|x86.ActiveCfg = Release|Win32
		{DDCD2C17-DB20-4FB9-9DB7-EA70916071F5}.Release|x86.Build.0 = Release|Win32
		{E4E69758-B009-4978-A0C3-1C3D3D1DF8E6}.Debug|x64.ActiveCfg = Debug|x64
		{E4E69758-B009-4978-A0C3-1C3D3D1DF8E6}.Debug|x64.Build.0 = Debug|x64
		{E4E69758-B009-4978-A0C3-1C3D3D1DF8E6}.Debug|x86.ActiveCfg = Debug|Win32
		{E4E69758-B009-4978-A0C3-1C3D3D1DF8E6}.Debug|x86.Build.0 = Debug|Win32
		{E4E69758-B009-4978-A0C3-1C3D3D1DF8E6}.Release|x64.ActiveCfg = Release|x64
		{E4E69758-B009-4978-A0C3-1C3D3D1DF8E6}.Release|x64.Build.0 = Release|x64
		{E4E69758-B009-4978-A0C3-1C3D3D1DF8E6}.Release|x86.ActiveCfg = Release|Win32
		{E4E69758-B009-4978-A0C3-1C3D3D1DF8E6}.Release|x86.Build.0 = Release|Win32
		{5E699F10-DC1B-4CFC-8D28-1180526ABA24}.Debug|x64.ActiveCfg = Debug|x64
		{5E699F10-DC1B-4CFC-8D28-1180526ABA24}.Debug|x64.Build.0 = Debug|x64
		{5E699F10-DC1B-4CFC-8D28-1180526ABA24}.Debug|x86.ActiveCfg = Debug|Win32
		{5E699F10-DC1B-4CFC-8D28-1180526ABA24}.Debug|x86.Build.0 = Debug|Win32
		{5E699F10-DC1B-4CFC-8D28-1180526ABA24}.Release|x64.ActiveCfg = Release|x64
		{5E699F10-DC1B-4CFC-8D28-1180526ABA24}.Release|x64.Build.0 = Release|x64
		{5E699F10-DC1B-4CFC-8D28-1180526ABA24}.Release|x86.ActiveCfg = Release|Win32
		{5E699F10-DC1B-4CFC-8D28-1180526ABA24}.Release|x86.Build.0 = Release|Win32
		{D74BA73C-4CAC-4C09-A4C6-842B73FED259}.Debug|x64.ActiveCfg = Debug|x64
		{D74BA73C-4CAC-4C09-A4C6-842B73FED259}.Debug|x64.Build.0 = Debug|x64
		{D74BA73C-4CAC-4C09-A4C6-842B73FED259}.Debug|x86.ActiveCfg = Debug|Win32
		{D74BA73C-4CAC-4C09-A4C6-842B73FED259}.Debug|x86.Build.0 = Debug|Win32
		{D74BA73C-4CAC-4C09-A4C6-842B73FED259}.Release|x64.ActiveCfg = Release|x64
		{D74BA73C-4CAC-4C09-A4C6-842B73FED259}.Release|x64.Build.0 = Release|x64
		{D74BA73C-4CAC-4C09-A4C6-842B73FED259}.Release|x86.ActiveCfg = Release|Win32
		{D74BA73C-4CAC-4C09-A4C6-842B73FED259}.Release|x86.Build.0 = Release|Win32
		{1CD06ACA-DD97-4FC6-80FE-F89C1981C573}.Debug|x64.ActiveCfg = Debug|x64
		{1CD06ACA-DD97-4FC6-80FE-F89C1981C573}.Debug|x64.Build.0 = Debug|x64
		{1CD06ACA-DD97-4FC6-80FE-F89C1981C573}.Debug|x86.ActiveCfg = Debug|Win32
		{1CD06ACA-DD97-4FC6-80FE-F89C1981C573}.Debug|x86.Build.0 = Debug|Win32
		{1CD06ACA-DD97-4FC6-80FE-F89C1981C573}.Release|x64.ActiveCfg = Release|x64
		{1CD06ACA-DD97-4FC6-80FE-F89C1981C573}.Release|x64.Build.0 = Release|x64
		{1CD06ACA-DD97-4FC6-80FE-F89C1981C573}.Release|x86.ActiveCfg = Release|Win32
		{1CD06ACA-DD97-4FC6-80FE-F89C1981C573}.Release|x86.Build.0 = Release|Win32
		{2C7F04B4-D05E-4B18-A631-975A2533173C}.Debug|x64.ActiveCfg = Debug|x64
		{2C7F04B4-D05E-4B18-A631-975A2533173C}.Debug|x64.Build.0 = Debug|x64
		{2C7F04B4-D05E-4B18-A631-975A2533173C}.Debug|x86.ActiveCfg = Debug|Win32
		{2C7F04B4-D05E-4B18-A631-975A2533173C}.Debug|x86.Build.0 = Debug|Win32
		{2C7F04B4-D05E-4B18-A631-975A2533173C}.Release|x64.ActiveCfg = Release|x64
		{2C7F04B4-D05E-4B18-A631-975A2533173C}.Release|x64.Build.0 = Release|x64
		{2C7F04B4-D05E-4B18-A631-975A2533173C}.Release|x86.ActiveCfg = Release|Win32
		{2C7F04B4-D05E-4B18-A631-975A2533173C}.Release|x86.Build.0 = Release|Win32
		{0505AC75-F5F5-46A4-91B7-BFFAAC73EBEE}.Debug|x64.ActiveCfg = Debug|x64
		{0505AC75-F5F5-46A4-91B7-BFFAAC73EBEE}.Debug|x64.Build.0 = Debug|x64
		{0505AC75-F5F5-46A4-91B7-BFFAAC73EBEE}.Debug|x86.ActiveCfg = Debug|Win32
		{0505AC75-F5F5-46A4-91B7-BFFAAC73EBEE}.Debug|x86.Build.0 = Debug|Win32
		{0505AC75-F5F5-46A4-91B7-BFFAAC73EBEE}.Release|x64.ActiveCfg = Release|x64
		{0505AC75-F5F5-46A4-91B7-BFFAAC73EBEE}.Release|x64.Build.0 = Release|x64
		{0505AC75-F5F5-46A4-91B7-BFFAAC73EBEE}.Release|x86.ActiveCfg = Release|Win32
		{0505AC75-F5F5-46A4-91B7-BFFAAC73EBEE}.Release|x86.Build.0 = Release|Win32
		{F0964E59-225A-4670-ACF0-00D4DBDBF69E}.Debug|x64.ActiveCfg = Debug|x64
		{F0964E59-225A-4670-ACF0-00D4DBDBF69E}.Debug|x64.Build.0 = Debug|x64
		{F0964E59-225A-4670-ACF0-00D4DBDBF69E}.Debug|x86.ActiveCfg = Debug|Win32
		{F0964E59-225A-4670-ACF0-00D4DBDBF69E}.Debug|x86.Build.0 = Debug|Win32
		{F0964E59-225A-4670-ACF0-00D4DBDBF69E}.Release|x64.ActiveCfg = Release|x64
		{F0964E59-225A-4670-ACF0-00D4DBDBF69E}.Release|x64.Build.0 = Release|x64
		{F0964E59-225A-4670-ACF0-00D4DBDBF69E}.Release|x86.ActiveCfg = Release|Win32
		{F0964E59-225A-4670-ACF0-00D4DBDBF69E}.Release|x86.Build.0 = Release|Win32
		{2290266C-7A41-4567-AFA7-DFA07BAB0656}.Debug|x64.ActiveCfg = Debug|x64
		{2290266C-7A41-4567-AFA7-DFA07BAB0656}.Debug|x64.Build.0 = Debug|x64
		{2290266C-7A41-4567-AFA7-DFA07BAB0656}.Debug|x86.ActiveCfg = Debug|Win32
		{2290266C-7A41-4567-AFA7-DFA07BAB0656}.Debug|x86.Build.0 = Debug|Win32
		{2290266C-7A41-4567-AFA7-DFA07BAB0656}.Release|x64.ActiveCfg = Release|x64
		{2290266C-7A41-4567-AFA7-DFA07BAB0656}.Release|x64.Build.0 = Release|x64
		{2290266C-7A41-4567-AFA7-DFA07BAB0656}.Release|x86.ActiveCfg = Release|Win32
		{2290266C-7A41-4567-AFA7-DFA07BAB0656}.Release|x86.Build.0 = Release|Win32
		{13C024DF-11CD-4FBB-8C76-1AD40FC90914}.Debug|x64.ActiveCfg = Debug|x64
		{13C024DF-11CD-4FBB-8C76-1AD40FC90914}.Debug|x64.Build.0 = Debug|x64
		{13C024DF-11CD-4FBB-8C76-1AD40FC90914}.Debug|x86.ActiveCfg = Debug|Win32
		{13C024DF-11CD-4FBB-8C76-1AD40FC90914}.Debug|x86.Build.0 = Debug|Win32
		{13C024DF-11CD-4FBB-8C76-1AD40FC90914}.Release|x64.ActiveCfg = Release|x64
		{13C024DF-11CD-4FBB-8C76-1AD40FC90914}.Release|x64.Build.0 = Release|x64
		{13C024DF-11CD-4FBB-8C76-1AD40FC90914}.Release|x86.ActiveCfg = Release|Win32
		{13C024DF-11CD-4FBB-8C76-1AD40FC90914}.Release|x86.Build.0 = Release|Win32
		{ABF20D31-0573-4D46-A907-077F4707B117}.Debug|x64.ActiveCfg = Debug|x64
		{ABF20D31-0573-4D46-A907-077F4707B117}.Debug|x64.Build.0 = Debug|x64
		{ABF20D31-0573-4D46-A907-077F4707B117}.Debug|x86.ActiveCfg = Debug|Win32
		{ABF20D31-0573-4D46-A907-077F4707B117}.Debug|x86.Build.0 = Debug|Win32
		{ABF20D31-0573-4D46-A907-077F4707B117}.Release|x64.ActiveCfg = Release|x64
		{ABF20D31-0573-4D46-A907-077F4707B117}.Release|x64.Build.0 = Release|x64
		{ABF20D31-0573-4D46-A907-077F4707B117}.Release|x86.ActiveCfg = Release|Win32
		{ABF20D31-0573-4D46-A907-077F4707B117}.Release|x86.Build.0 = Release|Win32
		{521384EB-D8D0-4B4C-A42C-D31C90D0989E}.Debug|x64.ActiveCfg = Debug|x64
		{521384EB-D8D0-4B4C-A42C-D31C90D0989E}.Debug|x64.Build.0 = Debug|x64
		{521384EB-D8D0-4B4C-A42C-D31C90D0989E}.Debug|x86.ActiveCfg = Debug|Win32
		{521384EB-D8D0-4B4C-A42C-D31C90D0989E}.Debug|x86.Build.0 = Debug|Win32
		{521384EB-D8D0-4B4C-A42C-D31C90D0989E}.Release|x64.ActiveCfg = Release|x64
		{521384EB-D8D0-4B4C-A42C-D31C90D0989E}.Release|x64.Build.0 = Release|x64
		{521384EB-D8D0-4B4C-A42C-D31C90D0989E}.Release|x86.ActiveCfg = Release|Win32
		{521384EB-D8D0-4B4C-A42C-D31C90D0989E}.Release|x86.Build.0 = Release|Win32
		{63695CF4-94B2-4CBA-A685-C492066D3B07}.Debug|x64.ActiveCfg = Debug|x64
		{63695CF4-94B2-4CBA-A685-C492066D3B07}.Debug|x64.Build.0 = Debug|x64
		{63695CF4-94B2-4CBA-A685-C492066D3B07}.Debug|x86.ActiveCfg = Debug|Win32
		{63695CF4-94B2-4CBA-A685-C492066D3B07}.Debug|x86.Build.0 = Debug|Win32
		{63695CF4-94B2-4CBA-A685-C492066D3B07}.Release|x64.ActiveCfg = Release|x64
		{63695CF4-94B2-4CBA-A685-C492066D3B07}.Release|x64.Build.0 = Release|x64
		{63695CF4-94B2-4CBA-A685-C492066D3B07}.Release|x86.ActiveCfg = Release|Win32
		{63695CF4-94B2-4CBA-A685-C492066D3B07}.Release|x86.Build.0 = Release|Win32
		{7639C720-864B-4D27-8BB6-E010E00A2AB8}.Debug|x64.ActiveCfg = Debug|x64
		{7639C720-864B-4D27-8BB6-E010E00A2AB8}.Debug|x64.Build.0 = Debug|x64
		{7639C720-864B-4D27-8BB6-E010E00A2AB8}.Debug|x86.ActiveCfg = Debug|Win32
		{7639C720-864B-4D27-8BB6-E010E00A2AB8}.Debug|x86.Build.0 = Debug|Win32
		{7639C720-864B-4D27-8BB6-E010E00A2AB8}.Release|x64.ActiveCfg = Release|x64
		{7639C720-864B-4D27-8BB6-E010E00A2AB8}.Release|x64.Build.0 = Release|x64
		{7639C720-864B-4D27-8BB6-E010E00A2AB8}.Release|x86.ActiveCfg = Release|Win32
		{7639C720-864B-4D27-8BB6-E010E00A2AB8}.Release|x86.Build.0 = Release|Win32
		{DA8F6387-769D-4F3F-ACA6-6462A935550E}.Debug|x64.ActiveCfg = Debug|x64
		{DA8F6387-769D-4F3F-ACA6-6462A935550E}.Debug|x64.Build.0 = Debug|x64
		{DA8F6387-769D-4F3F-ACA6-6462A935550E}.Debug|x86.ActiveCfg = Debug|Win32
		{DA8F6387-769D-4F3F-ACA6-6462A935550E}.Debug|x86.Build.0 = Debug|Win32
		{DA8F6387-769D-4F3F-ACA6-6462A935550E}.Release|x64.ActiveCfg = Release|x64
		{DA8F6387-769D-4F3F-ACA6-6462A935550E}.Release|x64.Build.0 = Release|x64
		{DA8F6387-769D-4F3F-ACA6-6462A935550E}.Release|x86.ActiveCfg = Release|Win32
		{DA8F6387-769D-4F3F-ACA6-6462A935550E}.Release|x86.Build.0 = Release|Win32
		{3A1E10C6-0590-46D5-96B0-DD6E4D589F70}.Debug|x64.ActiveCfg = Debug|x64
		{3A1E10C6-0590-46D5-96B0-DD6E4D589F70}.Debug|x64.Build.0 = Debug|x64
		{3A1E10C6-0590-46D5-96B0-DD6E4D589F70}.Debug|x86.ActiveCfg = Debug|Win32
		{3A1E10C6-0590-46D5-96B0-DD6E4D589F70}.Debug|x86.Build.0 = Debug|Win32
		{3A1E10C6-0590-46D5-96B0-DD6E4D589F70}.Release|x64.ActiveCfg = Release|x64
		{3A1E10C6-0590-46D5-96B0-DD6E4D589F70}.Release|x64.Build.0 = Release|x64
		{3A1E10C6-0590-46D5-96B0-DD6E4D589F70}.Release|x86.ActiveCfg = Release|Win32
		{3A1E10C6-0590-46D5-96B0-DD6E4D589F70}.Release|x86.Build.0 = Release|Win32
		{4302C59E-5571-4AAB-A91D-C51F63F9148C}.Debug|x64.ActiveCfg = Debug|x64
		{4302C59E-5571-4AAB-A91D-C51F63F9148C}.Debug|x64.Build.0 = Debug|x64
		{4302C59E-5571-4AAB-A91D-C51F63F9148C}.Debug|x86.ActiveCfg = Debug|Win32
		{4302C59E-5571-4AAB-A91D-C51F63F9148C}.Debug|x86.Build.0 = Debug|Win32
		{4302C59E-5571-4AAB-A91D-C51F63F9148C}.Release|x64.ActiveCfg = Release|x64
		{4302C59E-5571-4AAB-A91D-C51F63F9148C}.Release|x64.Build.0 = Release|x64
		{4302C59E-5571-4AAB-A91D-C51F63F9148C}.Release|x86.ActiveCfg = Release|Win32
		{4302C59E-5571-4AAB-A91D-C51F63F9148C}.Release|x86.Build.0 = Release|Win32
		{529DA59F-F72C-4C27-AC8B-CA68EC705EA1}.Debug|x64.ActiveCfg = Debug|x64
		{529DA59F-F72C-4C27-AC8B-CA68EC705EA1}.Debug|x64.Build.0 = Debug|x64
		{529DA59F-F72C-4C27-AC8B-CA68EC705EA1}.Debug|x86.ActiveCfg = Debug|Win32
		{529DA59F-F72C-4C27-AC8B-CA68EC705EA1}.Debug|x86.Build.0 = Debug|Win32
		{529DA59F-F72C-4C27-AC8B-CA68EC705EA1}.Release|x64.ActiveCfg = Release|x64
		{529DA59F-F72C-4C27-AC8B-CA68EC705EA1}.Release|x64.Build.0 = Release|x64
		{529DA59F-F72C-4C27-AC8B-CA68EC705EA1}.Release|x86.ActiveCfg = Release|Win32
		{529DA59F-F72C-4C27-AC8B-CA68EC705EA1}.Release|x86.Build.0 = Release|Win32
	EndGlobalSection
	GlobalSection(SolutionProperties) = preSolution
		HideSolutionNode = FALSE
	EndGlobalSection
	GlobalSection(NestedProjects) = preSolution
		{574C6E8B-0F87-4C76-BC1D-48F89B8ADA7B} = {0FE752EF-9E5F-4C4D-97F1-B8A19342FE6E}
		{126AAFFA-BC50-4F71-BFFE-23E78F56064C} = {0FE752EF-9E5F-4C4D-97F1-B8A19342FE6E}
		{DDCD2C17-DB20-4FB9-9DB7-EA70916071F5} = {6B7D86B6-5B83-428F-B315-0DA8203F75AE}
		{E4E69758-B009-4978-A0C3-1C3D3D1DF8E6} = {6B7D86B6-5B83-428F-B315-0DA8203F75AE}
		{5E699F10-DC1B-4CFC-8D28-1180526ABA24} = {A60DB2DD-304F-4469-9FA7-CF8C30C49856}
		{D74BA73C-4CAC-4C09-A4C6-842B73FED259} = {A60DB2DD-304F-4469-9FA7-CF8C30C49856}
		{1CD06ACA-DD97-4FC6-80FE-F89C1981C573} = {A60DB2DD-304F-4469-9FA7-CF8C30C49856}
		{2C7F04B4-D05E-4B18-A631-975A2533173C} = {FB49A2FC-57AD-423C-97B1-530CE6209944}
		{0505AC75-F5F5-46A4-91B7-BFFAAC73EBEE} = {FB49A2FC-57AD-423C-97B1-530CE6209944}
		{F0964E59-225A-4670-ACF0-00D4DBDBF69E} = {FB49A2FC-57AD-423C-97B1-530CE6209944}
		{2290266C-7A41-4567-AFA7-DFA07BAB0656} = {FB49A2FC-57AD-423C-97B1-530CE6209944}
		{13C024DF-11CD-4FBB-8C76-1AD40FC90914} = {FB49A2FC-57AD-423C-97B1-530CE6209944}
		{ABF20D31-0573-4D46-A907-077F4707B117} = {680EB0B5-BACF-4540-AC8F-40E5730EB00A}
		{521384EB-D8D0-4B4C-A42C-D31C90D0989E} = {5E389525-06F1-424E-A2CC-237439539B0A}
		{63695CF4-94B2-4CBA-A685-C492066D3B07} = {29AEFDB7-9F52-4C49-A5C0-BAEBFC282C1D}
		{7639C720-864B-4D27-8BB6-E010E00A2AB8} = {29AEFDB7-9F52-4C49-A5C0-BAEBFC282C1D}
		{DA8F6387-769D-4F3F-ACA6-6462A935550E} = {29AEFDB7-9F52-4C49-A5C0-BAEBFC282C1D}
		{3A1E10C6-0590-46D5-96B0-DD6E4D589F70} = {29AEFDB7-9F52-4C49-A5C0-BAEBFC282C1D}
		{4302C59E-5571-4AAB-A91D-C51F63F9148C} = {5DCCF083-B8AB-4F41-BC36-F18DEB1C9E27}
		{529DA59F-F72C-4C27-AC8B-CA68EC705EA1} = {5DCCF083-B8AB-4F41-BC36-F18DEB1C9E27}
	EndGlobalSection
	GlobalSection(ExtensibilityGlobals) = postSolution
		SolutionGuid = {D3532217-715F-4386-A987-6D35E9DBC987}
	EndGlobalSection
EndGlobal
